
Microsoft Visual Studio Solution File, Format Version 12.00
# Visual Studio Version 17
VisualStudioVersion = 17.7.34018.315
MinimumVisualStudioVersion = 10.0.40219.1
Project("{9A19103F-16F7-4668-BE54-9A1E7A4F7556}") = "Service.ManagerVPS", "Service.ManagerVPS\Service.ManagerVPS.csproj", "{D40E3F49-5380-42E1-BE7A-32F2F0963140}"
EndProject
Project("{9A19103F-16F7-4668-BE54-9A1E7A4F7556}") = "Service.Schedule", "Service.Schedule\Service.Schedule.csproj", "{BDC231A2-1AED-4D84-BA38-C61F9915E2D7}"
EndProject
Project("{9A19103F-16F7-4668-BE54-9A1E7A4F7556}") = "WebApp", "Client.Manager\WebApp.csproj", "{35B10EAE-C0E1-4A28-B2E8-41AAB208090E}"
EndProject
Project("{2150E333-8FDC-42A3-9474-1A3956D46DE8}") = "Service", "Service", "{45BDDD79-A768-4C60-B973-78E91D02FF93}"
EndProject
Project("{FAE04EC0-301F-11D3-BF4B-00C04F79EFBC}") = "Service.FileManager", "Service.FileManager\Service.FileManager.csproj", "{F725F4FE-1D4C-4D9A-887A-B97BFC2C3843}"
EndProject
Project("{2150E333-8FDC-42A3-9474-1A3956D46DE8}") = "Client", "Client", "{F3B30DE8-7862-4B58-B730-A90119796990}"
EndProject
Project("{FAE04EC0-301F-11D3-BF4B-00C04F79EFBC}") = "Client.MobileApp", "Client.MobileApp\Client.MobileApp.csproj", "{A31D0F45-FDDD-42A6-928C-523B9DEF7D10}"
EndProject
Global
	GlobalSection(SolutionConfigurationPlatforms) = preSolution
		Debug|Any CPU = Debug|Any CPU
		Release|Any CPU = Release|Any CPU
	EndGlobalSection
	GlobalSection(ProjectConfigurationPlatforms) = postSolution
		{D40E3F49-5380-42E1-BE7A-32F2F0963140}.Debug|Any CPU.ActiveCfg = Debug|Any CPU
		{D40E3F49-5380-42E1-BE7A-32F2F0963140}.Debug|Any CPU.Build.0 = Debug|Any CPU
		{D40E3F49-5380-42E1-BE7A-32F2F0963140}.Release|Any CPU.ActiveCfg = Release|Any CPU
		{D40E3F49-5380-42E1-BE7A-32F2F0963140}.Release|Any CPU.Build.0 = Release|Any CPU
		{BDC231A2-1AED-4D84-BA38-C61F9915E2D7}.Debug|Any CPU.ActiveCfg = Debug|Any CPU
		{BDC231A2-1AED-4D84-BA38-C61F9915E2D7}.Debug|Any CPU.Build.0 = Debug|Any CPU
		{BDC231A2-1AED-4D84-BA38-C61F9915E2D7}.Release|Any CPU.ActiveCfg = Release|Any CPU
		{BDC231A2-1AED-4D84-BA38-C61F9915E2D7}.Release|Any CPU.Build.0 = Release|Any CPU
		{35B10EAE-C0E1-4A28-B2E8-41AAB208090E}.Debug|Any CPU.ActiveCfg = Debug|Any CPU
		{35B10EAE-C0E1-4A28-B2E8-41AAB208090E}.Debug|Any CPU.Build.0 = Debug|Any CPU
		{35B10EAE-C0E1-4A28-B2E8-41AAB208090E}.Release|Any CPU.ActiveCfg = Release|Any CPU
		{35B10EAE-C0E1-4A28-B2E8-41AAB208090E}.Release|Any CPU.Build.0 = Release|Any CPU
		{F725F4FE-1D4C-4D9A-887A-B97BFC2C3843}.Debug|Any CPU.ActiveCfg = Debug|Any CPU
		{F725F4FE-1D4C-4D9A-887A-B97BFC2C3843}.Debug|Any CPU.Build.0 = Debug|Any CPU
		{F725F4FE-1D4C-4D9A-887A-B97BFC2C3843}.Release|Any CPU.ActiveCfg = Release|Any CPU
		{F725F4FE-1D4C-4D9A-887A-B97BFC2C3843}.Release|Any CPU.Build.0 = Release|Any CPU
		{A31D0F45-FDDD-42A6-928C-523B9DEF7D10}.Debug|Any CPU.ActiveCfg = Debug|Any CPU
		{A31D0F45-FDDD-42A6-928C-523B9DEF7D10}.Debug|Any CPU.Build.0 = Debug|Any CPU
		{A31D0F45-FDDD-42A6-928C-523B9DEF7D10}.Debug|Any CPU.Deploy.0 = Debug|Any CPU
		{A31D0F45-FDDD-42A6-928C-523B9DEF7D10}.Release|Any CPU.ActiveCfg = Release|Any CPU
		{A31D0F45-FDDD-42A6-928C-523B9DEF7D10}.Release|Any CPU.Build.0 = Release|Any CPU
		{A31D0F45-FDDD-42A6-928C-523B9DEF7D10}.Release|Any CPU.Deploy.0 = Release|Any CPU
	EndGlobalSection
	GlobalSection(SolutionProperties) = preSolution
		HideSolutionNode = FALSE
	EndGlobalSection
	GlobalSection(NestedProjects) = preSolution
		{D40E3F49-5380-42E1-BE7A-32F2F0963140} = {45BDDD79-A768-4C60-B973-78E91D02FF93}
		{BDC231A2-1AED-4D84-BA38-C61F9915E2D7} = {45BDDD79-A768-4C60-B973-78E91D02FF93}
		{35B10EAE-C0E1-4A28-B2E8-41AAB208090E} = {F3B30DE8-7862-4B58-B730-A90119796990}
		{F725F4FE-1D4C-4D9A-887A-B97BFC2C3843} = {45BDDD79-A768-4C60-B973-78E91D02FF93}
		{A31D0F45-FDDD-42A6-928C-523B9DEF7D10} = {F3B30DE8-7862-4B58-B730-A90119796990}
	EndGlobalSection
	GlobalSection(ExtensibilityGlobals) = postSolution
		SolutionGuid = {42535E02-1427-4E6E-B4C2-57C4E1FF524E}
	EndGlobalSection
EndGlobal
